
Microsoft Visual Studio Solution File, Format Version 12.00
# Visual Studio Version 17
VisualStudioVersion = 17.11.35312.102
MinimumVisualStudioVersion = 10.0.40219.1
Project("{FAE04EC0-301F-11D3-BF4B-00C04F79EFBC}") = "server", "server.csproj", "{ED77EB24-9C62-46E8-A8CA-0F7AB8A27B80}"
EndProject
Global
	GlobalSection(SolutionConfigurationPlatforms) = preSolution
		Debug|Any CPU = Debug|Any CPU
		Release|Any CPU = Release|Any CPU
	EndGlobalSection
	GlobalSection(ProjectConfigurationPlatforms) = postSolution
		{ED77EB24-9C62-46E8-A8CA-0F7AB8A27B80}.Debug|Any CPU.ActiveCfg = Debug|Any CPU
		{ED77EB24-9C62-46E8-A8CA-0F7AB8A27B80}.Debug|Any CPU.Build.0 = Debug|Any CPU
		{ED77EB24-9C62-46E8-A8CA-0F7AB8A27B80}.Release|Any CPU.ActiveCfg = Release|Any CPU
		{ED77EB24-9C62-46E8-A8CA-0F7AB8A27B80}.Release|Any CPU.Build.0 = Release|Any CPU
	EndGlobalSection
	GlobalSection(SolutionProperties) = preSolution
		HideSolutionNode = FALSE
	EndGlobalSection
	GlobalSection(ExtensibilityGlobals) = postSolution
		SolutionGuid = {7B1F6BBA-8AC2-4066-B2B6-B3280DD099DD}
	EndGlobalSection
EndGlobal
